// !$*UTF8*$!
{
	archiveVersion = 1;
	classes = {
	};
	objectVersion = 77;
	objects = {

/* Begin PBXContainerItemProxy section */
		C4DFAB2E2E2B6A2300A86C8E /* PBXContainerItemProxy */ = {
			isa = PBXContainerItemProxy;
			containerPortal = C4DFAB0F2E2B6A2100A86C8E /* Project object */;
			proxyType = 1;
			remoteGlobalIDString = C4DFAB162E2B6A2100A86C8E;
			remoteInfo = WithEdge;
		};
		C4DFAB382E2B6A2300A86C8E /* PBXContainerItemProxy */ = {
			isa = PBXContainerItemProxy;
			containerPortal = C4DFAB0F2E2B6A2100A86C8E /* Project object */;
			proxyType = 1;
			remoteGlobalIDString = C4DFAB162E2B6A2100A86C8E;
			remoteInfo = WithEdge;
		};
/* End PBXContainerItemProxy section */

/* Begin PBXFileReference section */
		C4DFAB172E2B6A2100A86C8E /* WithEdge.app */ = {isa = PBXFileReference; explicitFileType = wrapper.application; includeInIndex = 0; path = WithEdge.app; sourceTree = BUILT_PRODUCTS_DIR; };
		C4DFAB2D2E2B6A2300A86C8E /* WithEdgeTests.xctest */ = {isa = PBXFileReference; explicitFileType = wrapper.cfbundle; includeInIndex = 0; path = WithEdgeTests.xctest; sourceTree = BUILT_PRODUCTS_DIR; };
		C4DFAB372E2B6A2300A86C8E /* WithEdgeUITests.xctest */ = {isa = PBXFileReference; explicitFileType = wrapper.cfbundle; includeInIndex = 0; path = WithEdgeUITests.xctest; sourceTree = BUILT_PRODUCTS_DIR; };
/* End PBXFileReference section */

/* Begin PBXFileSystemSynchronizedBuildFileExceptionSet section */
		C4DFAB3F2E2B6A2300A86C8E /* Exceptions for "WithEdge" folder in "WithEdge" target */ = {
			isa = PBXFileSystemSynchronizedBuildFileExceptionSet;
			membershipExceptions = (
				Info.plist,
			);
			target = C4DFAB162E2B6A2100A86C8E /* WithEdge */;
		};
/* End PBXFileSystemSynchronizedBuildFileExceptionSet section */

/* Begin PBXFileSystemSynchronizedRootGroup section */
		C4DFAB192E2B6A2100A86C8E /* WithEdge */ = {
			isa = PBXFileSystemSynchronizedRootGroup;
			exceptions = (
				C4DFAB3F2E2B6A2300A86C8E /* Exceptions for "WithEdge" folder in "WithEdge" target */,
			);
			path = WithEdge;
			sourceTree = "<group>";
		};
		C4DFAB302E2B6A2300A86C8E /* WithEdgeTests */ = {
			isa = PBXFileSystemSynchronizedRootGroup;
			path = WithEdgeTests;
			sourceTree = "<group>";
		};
		C4DFAB3A2E2B6A2300A86C8E /* WithEdgeUITests */ = {
			isa = PBXFileSystemSynchronizedRootGroup;
			path = WithEdgeUITests;
			sourceTree = "<group>";
		};
/* End PBXFileSystemSynchronizedRootGroup section */

/* Begin PBXFrameworksBuildPhase section */
		C4DFAB142E2B6A2100A86C8E /* Frameworks */ = {
			isa = PBXFrameworksBuildPhase;
			buildActionMask = 2147483647;
			files = (
			);
			runOnlyForDeploymentPostprocessing = 0;
		};
		C4DFAB2A2E2B6A2300A86C8E /* Frameworks */ = {
			isa = PBXFrameworksBuildPhase;
			buildActionMask = 2147483647;
			files = (
			);
			runOnlyForDeploymentPostprocessing = 0;
		};
		C4DFAB342E2B6A2300A86C8E /* Frameworks */ = {
			isa = PBXFrameworksBuildPhase;
			buildActionMask = 2147483647;
			files = (
			);
			runOnlyForDeploymentPostprocessing = 0;
		};
/* End PBXFrameworksBuildPhase section */

/* Begin PBXGroup section */
		C4DFAB0E2E2B6A2100A86C8E = {
			isa = PBXGroup;
			children = (
				C4DFAB192E2B6A2100A86C8E /* WithEdge */,
				C4DFAB302E2B6A2300A86C8E /* WithEdgeTests */,
				C4DFAB3A2E2B6A2300A86C8E /* WithEdgeUITests */,
				C4DFAB182E2B6A2100A86C8E /* Products */,
			);
			sourceTree = "<group>";
		};
		C4DFAB182E2B6A2100A86C8E /* Products */ = {
			isa = PBXGroup;
			children = (
				C4DFAB172E2B6A2100A86C8E /* WithEdge.app */,
				C4DFAB2D2E2B6A2300A86C8E /* WithEdgeTests.xctest */,
				C4DFAB372E2B6A2300A86C8E /* WithEdgeUITests.xctest */,
			);
			name = Products;
			sourceTree = "<group>";
		};
/* End PBXGroup section */

/* Begin PBXNativeTarget section */
		C4DFAB162E2B6A2100A86C8E /* WithEdge */ = {
			isa = PBXNativeTarget;
			buildConfigurationList = C4DFAB402E2B6A2300A86C8E /* Build configuration list for PBXNativeTarget "WithEdge" */;
			buildPhases = (
				C4DFAB132E2B6A2100A86C8E /* Sources */,
				C4DFAB142E2B6A2100A86C8E /* Frameworks */,
				C4DFAB152E2B6A2100A86C8E /* Resources */,
			);
			buildRules = (
			);
			dependencies = (
			);
			fileSystemSynchronizedGroups = (
				C4DFAB192E2B6A2100A86C8E /* WithEdge */,
			);
			name = WithEdge;
			packageProductDependencies = (
			);
			productName = WithEdge;
			productReference = C4DFAB172E2B6A2100A86C8E /* WithEdge.app */;
			productType = "com.apple.product-type.application";
		};
		C4DFAB2C2E2B6A2300A86C8E /* WithEdgeTests */ = {
			isa = PBXNativeTarget;
			buildConfigurationList = C4DFAB452E2B6A2300A86C8E /* Build configuration list for PBXNativeTarget "WithEdgeTests" */;
			buildPhases = (
				C4DFAB292E2B6A2300A86C8E /* Sources */,
				C4DFAB2A2E2B6A2300A86C8E /* Frameworks */,
				C4DFAB2B2E2B6A2300A86C8E /* Resources */,
			);
			buildRules = (
			);
			dependencies = (
				C4DFAB2F2E2B6A2300A86C8E /* PBXTargetDependency */,
			);
			fileSystemSynchronizedGroups = (
				C4DFAB302E2B6A2300A86C8E /* WithEdgeTests */,
			);
			name = WithEdgeTests;
			packageProductDependencies = (
			);
			productName = WithEdgeTests;
			productReference = C4DFAB2D2E2B6A2300A86C8E /* WithEdgeTests.xctest */;
			productType = "com.apple.product-type.bundle.unit-test";
		};
		C4DFAB362E2B6A2300A86C8E /* WithEdgeUITests */ = {
			isa = PBXNativeTarget;
			buildConfigurationList = C4DFAB482E2B6A2300A86C8E /* Build configuration list for PBXNativeTarget "WithEdgeUITests" */;
			buildPhases = (
				C4DFAB332E2B6A2300A86C8E /* Sources */,
				C4DFAB342E2B6A2300A86C8E /* Frameworks */,
				C4DFAB352E2B6A2300A86C8E /* Resources */,
			);
			buildRules = (
			);
			dependencies = (
				C4DFAB392E2B6A2300A86C8E /* PBXTargetDependency */,
			);
			fileSystemSynchronizedGroups = (
				C4DFAB3A2E2B6A2300A86C8E /* WithEdgeUITests */,
			);
			name = WithEdgeUITests;
			packageProductDependencies = (
			);
			productName = WithEdgeUITests;
			productReference = C4DFAB372E2B6A2300A86C8E /* WithEdgeUITests.xctest */;
			productType = "com.apple.product-type.bundle.ui-testing";
		};
/* End PBXNativeTarget section */

/* Begin PBXProject section */
		C4DFAB0F2E2B6A2100A86C8E /* Project object */ = {
			isa = PBXProject;
			attributes = {
				BuildIndependentTargetsInParallel = 1;
				LastSwiftUpdateCheck = 1640;
				LastUpgradeCheck = 1640;
				TargetAttributes = {
					C4DFAB162E2B6A2100A86C8E = {
						CreatedOnToolsVersion = 16.4;
					};
					C4DFAB2C2E2B6A2300A86C8E = {
						CreatedOnToolsVersion = 16.4;
						TestTargetID = C4DFAB162E2B6A2100A86C8E;
					};
					C4DFAB362E2B6A2300A86C8E = {
						CreatedOnToolsVersion = 16.4;
						TestTargetID = C4DFAB162E2B6A2100A86C8E;
					};
				};
			};
			buildConfigurationList = C4DFAB122E2B6A2100A86C8E /* Build configuration list for PBXProject "WithEdge" */;
			developmentRegion = en;
			hasScannedForEncodings = 0;
			knownRegions = (
				en,
				Base,
			);
			mainGroup = C4DFAB0E2E2B6A2100A86C8E;
			minimizedProjectReferenceProxies = 1;
			preferredProjectObjectVersion = 77;
			productRefGroup = C4DFAB182E2B6A2100A86C8E /* Products */;
			projectDirPath = "";
			projectRoot = "";
			targets = (
				C4DFAB162E2B6A2100A86C8E /* WithEdge */,
				C4DFAB2C2E2B6A2300A86C8E /* WithEdgeTests */,
				C4DFAB362E2B6A2300A86C8E /* WithEdgeUITests */,
			);
		};
/* End PBXProject section */

/* Begin PBXResourcesBuildPhase section */
		C4DFAB152E2B6A2100A86C8E /* Resources */ = {
			isa = PBXResourcesBuildPhase;
			buildActionMask = 2147483647;
			files = (
			);
			runOnlyForDeploymentPostprocessing = 0;
		};
		C4DFAB2B2E2B6A2300A86C8E /* Resources */ = {
			isa = PBXResourcesBuildPhase;
			buildActionMask = 2147483647;
			files = (
			);
			runOnlyForDeploymentPostprocessing = 0;
		};
		C4DFAB352E2B6A2300A86C8E /* Resources */ = {
			isa = PBXResourcesBuildPhase;
			buildActionMask = 2147483647;
			files = (
			);
			runOnlyForDeploymentPostprocessing = 0;
		};
/* End PBXResourcesBuildPhase section */

/* Begin PBXSourcesBuildPhase section */
		C4DFAB132E2B6A2100A86C8E /* Sources */ = {
			isa = PBXSourcesBuildPhase;
			buildActionMask = 2147483647;
			files = (
			);
			runOnlyForDeploymentPostprocessing = 0;
		};
		C4DFAB292E2B6A2300A86C8E /* Sources */ = {
			isa = PBXSourcesBuildPhase;
			buildActionMask = 2147483647;
			files = (
			);
			runOnlyForDeploymentPostprocessing = 0;
		};
		C4DFAB332E2B6A2300A86C8E /* Sources */ = {
			isa = PBXSourcesBuildPhase;
			buildActionMask = 2147483647;
			files = (
			);
			runOnlyForDeploymentPostprocessing = 0;
		};
/* End PBXSourcesBuildPhase section */

/* Begin PBXTargetDependency section */
		C4DFAB2F2E2B6A2300A86C8E /* PBXTargetDependency */ = {
			isa = PBXTargetDependency;
			target = C4DFAB162E2B6A2100A86C8E /* WithEdge */;
			targetProxy = C4DFAB2E2E2B6A2300A86C8E /* PBXContainerItemProxy */;
		};
		C4DFAB392E2B6A2300A86C8E /* PBXTargetDependency */ = {
			isa = PBXTargetDependency;
			target = C4DFAB162E2B6A2100A86C8E /* WithEdge */;
			targetProxy = C4DFAB382E2B6A2300A86C8E /* PBXContainerItemProxy */;
		};
/* End PBXTargetDependency section */

/* Begin XCBuildConfiguration section */
		C4DFAB412E2B6A2300A86C8E /* Debug */ = {
			isa = XCBuildConfiguration;
			buildSettings = {
				ASSETCATALOG_COMPILER_APPICON_NAME = AppIcon;
				ASSETCATALOG_COMPILER_GLOBAL_ACCENT_COLOR_NAME = AccentColor;
				CODE_SIGN_STYLE = Automatic;
				CURRENT_PROJECT_VERSION = 1;
				DEVELOPMENT_TEAM = YK93427823;
				GENERATE_INFOPLIST_FILE = YES;
				INFOPLIST_FILE = WithEdge/Info.plist;
				INFOPLIST_KEY_UIApplicationSupportsIndirectInputEvents = YES;
				INFOPLIST_KEY_UILaunchStoryboardName = LaunchScreen;
				INFOPLIST_KEY_UISupportedInterfaceOrientations_iPad = "UIInterfaceOrientationPortrait UIInterfaceOrientationPortraitUpsideDown UIInterfaceOrientationLandscapeLeft UIInterfaceOrientationLandscapeRight";
				INFOPLIST_KEY_UISupportedInterfaceOrientations_iPhone = "UIInterfaceOrientationPortrait UIInterfaceOrientationLandscapeLeft UIInterfaceOrientationLandscapeRight";
				LD_RUNPATH_SEARCH_PATHS = (
					"$(inherited)",
					"@executable_path/Frameworks",
				);
				MARKETING_VERSION = 1.0;
				PRODUCT_BUNDLE_IDENTIFIER = com.bymax.withedge.WithEdge;
				PRODUCT_NAME = "$(TARGET_NAME)";
				SWIFT_EMIT_LOC_STRINGS = YES;
				SWIFT_VERSION = 5.0;
				TARGETED_DEVICE_FAMILY = "1,2";
			};
			name = Debug;
		};
		C4DFAB422E2B6A2300A86C8E /* Release */ = {
			isa = XCBuildConfiguration;
			buildSettings = {
				ASSETCATALOG_COMPILER_APPICON_NAME = AppIcon;
				ASSETCATALOG_COMPILER_GLOBAL_ACCENT_COLOR_NAME = AccentColor;
				CODE_SIGN_STYLE = Automatic;
				CURRENT_PROJECT_VERSION = 1;
				DEVELOPMENT_TEAM = YK93427823;
				GENERATE_INFOPLIST_FILE = YES;
				INFOPLIST_FILE = WithEdge/Info.plist;
				INFOPLIST_KEY_UIApplicationSupportsIndirectInputEvents = YES;
				INFOPLIST_KEY_UILaunchStoryboardName = LaunchScreen;
				INFOPLIST_KEY_UISupportedInterfaceOrientations_iPad = "UIInterfaceOrientationPortrait UIInterfaceOrientationPortraitUpsideDown UIInterfaceOrientationLandscapeLeft UIInterfaceOrientationLandscapeRight";
				INFOPLIST_KEY_UISupportedInterfaceOrientations_iPhone = "UIInterfaceOrientationPortrait UIInterfaceOrientationLandscapeLeft UIInterfaceOrientationLandscapeRight";
				LD_RUNPATH_SEARCH_PATHS = (
					"$(inherited)",
					"@executable_path/Frameworks",
				);
				MARKETING_VERSION = 1.0;
				PRODUCT_BUNDLE_IDENTIFIER = com.bymax.withedge.WithEdge;
				PRODUCT_NAME = "$(TARGET_NAME)";
				SWIFT_EMIT_LOC_STRINGS = YES;
				SWIFT_VERSION = 5.0;
				TARGETED_DEVICE_FAMILY = "1,2";
			};
			name = Release;
		};
		C4DFAB432E2B6A2300A86C8E /* Debug */ = {
			isa = XCBuildConfiguration;
			buildSettings = {
				ALWAYS_SEARCH_USER_PATHS = NO;
				ASSETCATALOG_COMPILER_GENERATE_SWIFT_ASSET_SYMBOL_EXTENSIONS = YES;
				CLANG_ANALYZER_NONNULL = YES;
				CLANG_ANALYZER_NUMBER_OBJECT_CONVERSION = YES_AGGRESSIVE;
				CLANG_CXX_LANGUAGE_STANDARD = "gnu++20";
				CLANG_ENABLE_MODULES = YES;
				CLANG_ENABLE_OBJC_ARC = YES;
				CLANG_ENABLE_OBJC_WEAK = YES;
				CLANG_WARN_BLOCK_CAPTURE_AUTORELEASING = YES;
				CLANG_WARN_BOOL_CONVERSION = YES;
				CLANG_WARN_COMMA = YES;
				CLANG_WARN_CONSTANT_CONVERSION = YES;
				CLANG_WARN_DEPRECATED_OBJC_IMPLEMENTATIONS = YES;
				CLANG_WARN_DIRECT_OBJC_ISA_USAGE = YES_ERROR;
				CLANG_WARN_DOCUMENTATION_COMMENTS = YES;
				CLANG_WARN_EMPTY_BODY = YES;
				CLANG_WARN_ENUM_CONVERSION = YES;
				CLANG_WARN_INFINITE_RECURSION = YES;
				CLANG_WARN_INT_CONVERSION = YES;
				CLANG_WARN_NON_LITERAL_NULL_CONVERSION = YES;
				CLANG_WARN_OBJC_IMPLICIT_RETAIN_SELF = YES;
				CLANG_WARN_OBJC_LITERAL_CONVERSION = YES;
				CLANG_WARN_OBJC_ROOT_CLASS = YES_ERROR;
				CLANG_WARN_QUOTED_INCLUDE_IN_FRAMEWORK_HEADER = YES;
				CLANG_WARN_RANGE_LOOP_ANALYSIS = YES;
				CLANG_WARN_STRICT_PROTOTYPES = YES;
				CLANG_WARN_SUSPICIOUS_MOVE = YES;
				CLANG_WARN_UNGUARDED_AVAILABILITY = YES_AGGRESSIVE;
				CLANG_WARN_UNREACHABLE_CODE = YES;
				CLANG_WARN__DUPLICATE_METHOD_MATCH = YES;
				COPY_PHASE_STRIP = NO;
				DEBUG_INFORMATION_FORMAT = dwarf;
				DEVELOPMENT_TEAM = YK93427823;
				ENABLE_STRICT_OBJC_MSGSEND = YES;
				ENABLE_TESTABILITY = YES;
				ENABLE_USER_SCRIPT_SANDBOXING = YES;
				GCC_C_LANGUAGE_STANDARD = gnu17;
				GCC_DYNAMIC_NO_PIC = NO;
				GCC_NO_COMMON_BLOCKS = YES;
				GCC_OPTIMIZATION_LEVEL = 0;
				GCC_PREPROCESSOR_DEFINITIONS = (
					"DEBUG=1",
					"$(inherited)",
				);
				GCC_WARN_64_TO_32_BIT_CONVERSION = YES;
				GCC_WARN_ABOUT_RETURN_TYPE = YES_ERROR;
				GCC_WARN_UNDECLARED_SELECTOR = YES;
				GCC_WARN_UNINITIALIZED_AUTOS = YES_AGGRESSIVE;
				GCC_WARN_UNUSED_FUNCTION = YES;
				GCC_WARN_UNUSED_VARIABLE = YES;
				IPHONEOS_DEPLOYMENT_TARGET = 18.5;
				LOCALIZATION_PREFERS_STRING_CATALOGS = YES;
				MTL_ENABLE_DEBUG_INFO = INCLUDE_SOURCE;
				MTL_FAST_MATH = YES;
				ONLY_ACTIVE_ARCH = YES;
				SDKROOT = iphoneos;
				SWIFT_ACTIVE_COMPILATION_CONDITIONS = "DEBUG $(inherited)";
				SWIFT_OPTIMIZATION_LEVEL = "-Onone";
			};
			name = Debug;
		};
		C4DFAB442E2B6A2300A86C8E /* Release */ = {
			isa = XCBuildConfiguration;
			buildSettings = {
				ALWAYS_SEARCH_USER_PATHS = NO;
				ASSETCATALOG_COMPILER_GENERATE_SWIFT_ASSET_SYMBOL_EXTENSIONS = YES;
				CLANG_ANALYZER_NONNULL = YES;
				CLANG_ANALYZER_NUMBER_OBJECT_CONVERSION = YES_AGGRESSIVE;
				CLANG_CXX_LANGUAGE_STANDARD = "gnu++20";
				CLANG_ENABLE_MODULES = YES;
				CLANG_ENABLE_OBJC_ARC = YES;
				CLANG_ENABLE_OBJC_WEAK = YES;
				CLANG_WARN_BLOCK_CAPTURE_AUTORELEASING = YES;
				CLANG_WARN_BOOL_CONVERSION = YES;
				CLANG_WARN_COMMA = YES;
				CLANG_WARN_CONSTANT_CONVERSION = YES;
				CLANG_WARN_DEPRECATED_OBJC_IMPLEMENTATIONS = YES;
				CLANG_WARN_DIRECT_OBJC_ISA_USAGE = YES_ERROR;
				CLANG_WARN_DOCUMENTATION_COMMENTS = YES;
				CLANG_WARN_EMPTY_BODY = YES;
				CLANG_WARN_ENUM_CONVERSION = YES;
				CLANG_WARN_INFINITE_RECURSION = YES;
				CLANG_WARN_INT_CONVERSION = YES;
				CLANG_WARN_NON_LITERAL_NULL_CONVERSION = YES;
				CLANG_WARN_OBJC_IMPLICIT_RETAIN_SELF = YES;
				CLANG_WARN_OBJC_LITERAL_CONVERSION = YES;
				CLANG_WARN_OBJC_ROOT_CLASS = YES_ERROR;
				CLANG_WARN_QUOTED_INCLUDE_IN_FRAMEWORK_HEADER = YES;
				CLANG_WARN_RANGE_LOOP_ANALYSIS = YES;
				CLANG_WARN_STRICT_PROTOTYPES = YES;
				CLANG_WARN_SUSPICIOUS_MOVE = YES;
				CLANG_WARN_UNGUARDED_AVAILABILITY = YES_AGGRESSIVE;
				CLANG_WARN_UNREACHABLE_CODE = YES;
				CLANG_WARN__DUPLICATE_METHOD_MATCH = YES;
				COPY_PHASE_STRIP = NO;
				DEBUG_INFORMATION_FORMAT = "dwarf-with-dsym";
				DEVELOPMENT_TEAM = YK93427823;
				ENABLE_NS_ASSERTIONS = NO;
				ENABLE_STRICT_OBJC_MSGSEND = YES;
				ENABLE_USER_SCRIPT_SANDBOXING = YES;
				GCC_C_LANGUAGE_STANDARD = gnu17;
				GCC_NO_COMMON_BLOCKS = YES;
				GCC_WARN_64_TO_32_BIT_CONVERSION = YES;
				GCC_WARN_ABOUT_RETURN_TYPE = YES_ERROR;
				GCC_WARN_UNDECLARED_SELECTOR = YES;
				GCC_WARN_UNINITIALIZED_AUTOS = YES_AGGRESSIVE;
				GCC_WARN_UNUSED_FUNCTION = YES;
				GCC_WARN_UNUSED_VARIABLE = YES;
				IPHONEOS_DEPLOYMENT_TARGET = 18.5;
				LOCALIZATION_PREFERS_STRING_CATALOGS = YES;
				MTL_ENABLE_DEBUG_INFO = NO;
				MTL_FAST_MATH = YES;
				SDKROOT = iphoneos;
				SWIFT_COMPILATION_MODE = wholemodule;
				VALIDATE_PRODUCT = YES;
			};
			name = Release;
		};
		C4DFAB462E2B6A2300A86C8E /* Debug */ = {
			isa = XCBuildConfiguration;
			buildSettings = {
				BUNDLE_LOADER = "$(TEST_HOST)";
				CODE_SIGN_STYLE = Automatic;
				CURRENT_PROJECT_VERSION = 1;
				DEVELOPMENT_TEAM = YK93427823;
				GENERATE_INFOPLIST_FILE = YES;
				IPHONEOS_DEPLOYMENT_TARGET = 18.5;
				MARKETING_VERSION = 1.0;
				PRODUCT_BUNDLE_IDENTIFIER = com.bymax.withedge.WithEdgeTests;
				PRODUCT_NAME = "$(TARGET_NAME)";
				SWIFT_EMIT_LOC_STRINGS = NO;
				SWIFT_VERSION = 5.0;
				TARGETED_DEVICE_FAMILY = "1,2";
				TEST_HOST = "$(BUILT_PRODUCTS_DIR)/WithEdge.app/$(BUNDLE_EXECUTABLE_FOLDER_PATH)/WithEdge";
			};
			name = Debug;
		};
		C4DFAB472E2B6A2300A86C8E /* Release */ = {
			isa = XCBuildConfiguration;
			buildSettings = {
				BUNDLE_LOADER = "$(TEST_HOST)";
				CODE_SIGN_STYLE = Automatic;
				CURRENT_PROJECT_VERSION = 1;
				DEVELOPMENT_TEAM = YK93427823;
				GENERATE_INFOPLIST_FILE = YES;
				IPHONEOS_DEPLOYMENT_TARGET = 18.5;
				MARKETING_VERSION = 1.0;
				PRODUCT_BUNDLE_IDENTIFIER = com.bymax.withedge.WithEdgeTests;
				PRODUCT_NAME = "$(TARGET_NAME)";
				SWIFT_EMIT_LOC_STRINGS = NO;
				SWIFT_VERSION = 5.0;
				TARGETED_DEVICE_FAMILY = "1,2";
				TEST_HOST = "$(BUILT_PRODUCTS_DIR)/WithEdge.app/$(BUNDLE_EXECUTABLE_FOLDER_PATH)/WithEdge";
			};
			name = Release;
		};
		C4DFAB492E2B6A2300A86C8E /* Debug */ = {
			isa = XCBuildConfiguration;
			buildSettings = {
				CODE_SIGN_STYLE = Automatic;
				CURRENT_PROJECT_VERSION = 1;
				DEVELOPMENT_TEAM = YK93427823;
				GENERATE_INFOPLIST_FILE = YES;
				MARKETING_VERSION = 1.0;
				PRODUCT_BUNDLE_IDENTIFIER = com.bymax.withedge.WithEdgeUITests;
				PRODUCT_NAME = "$(TARGET_NAME)";
				SWIFT_EMIT_LOC_STRINGS = NO;
				SWIFT_VERSION = 5.0;
				TARGETED_DEVICE_FAMILY = "1,2";
				TEST_TARGET_NAME = WithEdge;
			};
			name = Debug;
		};
		C4DFAB4A2E2B6A2300A86C8E /* Release */ = {
			isa = XCBuildConfiguration;
			buildSettings = {
				CODE_SIGN_STYLE = Automatic;
				CURRENT_PROJECT_VERSION = 1;
				DEVELOPMENT_TEAM = YK93427823;
				GENERATE_INFOPLIST_FILE = YES;
				MARKETING_VERSION = 1.0;
				PRODUCT_BUNDLE_IDENTIFIER = com.bymax.withedge.WithEdgeUITests;
				PRODUCT_NAME = "$(TARGET_NAME)";
				SWIFT_EMIT_LOC_STRINGS = NO;
				SWIFT_VERSION = 5.0;
				TARGETED_DEVICE_FAMILY = "1,2";
				TEST_TARGET_NAME = WithEdge;
			};
			name = Release;
		};
/* End XCBuildConfiguration section */

/* Begin XCConfigurationList section */
		C4DFAB122E2B6A2100A86C8E /* Build configuration list for PBXProject "WithEdge" */ = {
			isa = XCConfigurationList;
			buildConfigurations = (
				C4DFAB432E2B6A2300A86C8E /* Debug */,
				C4DFAB442E2B6A2300A86C8E /* Release */,
			);
			defaultConfigurationIsVisible = 0;
			defaultConfigurationName = Release;
		};
		C4DFAB402E2B6A2300A86C8E /* Build configuration list for PBXNativeTarget "WithEdge" */ = {
			isa = XCConfigurationList;
			buildConfigurations = (
				C4DFAB412E2B6A2300A86C8E /* Debug */,
				C4DFAB422E2B6A2300A86C8E /* Release */,
			);
			defaultConfigurationIsVisible = 0;
			defaultConfigurationName = Release;
		};
		C4DFAB452E2B6A2300A86C8E /* Build configuration list for PBXNativeTarget "WithEdgeTests" */ = {
			isa = XCConfigurationList;
			buildConfigurations = (
				C4DFAB462E2B6A2300A86C8E /* Debug */,
				C4DFAB472E2B6A2300A86C8E /* Release */,
			);
			defaultConfigurationIsVisible = 0;
			defaultConfigurationName = Release;
		};
		C4DFAB482E2B6A2300A86C8E /* Build configuration list for PBXNativeTarget "WithEdgeUITests" */ = {
			isa = XCConfigurationList;
			buildConfigurations = (
				C4DFAB492E2B6A2300A86C8E /* Debug */,
				C4DFAB4A2E2B6A2300A86C8E /* Release */,
			);
			defaultConfigurationIsVisible = 0;
			defaultConfigurationName = Release;
		};
/* End XCConfigurationList section */
	};
	rootObject = C4DFAB0F2E2B6A2100A86C8E /* Project object */;
}
